
Microsoft Visual Studio Solution File, Format Version 12.00
# Visual Studio Version 16
VisualStudioVersion = 16.0.33027.164
MinimumVisualStudioVersion = 10.0.40219.1
Project("{8BC9CEB8-8B4A-11D0-8D11-00A0C91BC942}") = "Online_Wallet", "Online_Wallet\Online_Wallet.vcxproj", "{6151D581-5C90-415D-97EA-20C627E64BFF}"
EndProject
Global
	GlobalSection(SolutionConfigurationPlatforms) = preSolution
		Debug|x64 = Debug|x64
		Debug|x86 = Debug|x86
		Release|x64 = Release|x64
		Release|x86 = Release|x86
	EndGlobalSection
	GlobalSection(ProjectConfigurationPlatforms) = postSolution
		{6151D581-5C90-415D-97EA-20C627E64BFF}.Debug|x64.ActiveCfg = Debug|x64
		{6151D581-5C90-415D-97EA-20C627E64BFF}.Debug|x64.Build.0 = Debug|x64
		{6151D581-5C90-415D-97EA-20C627E64BFF}.Debug|x86.ActiveCfg = Debug|Win32
		{6151D581-5C90-415D-97EA-20C627E64BFF}.Debug|x86.Build.0 = Debug|Win32
		{6151D581-5C90-415D-97EA-20C627E64BFF}.Release|x64.ActiveCfg = Release|x64
		{6151D581-5C90-415D-97EA-20C627E64BFF}.Release|x64.Build.0 = Release|x64
		{6151D581-5C90-415D-97EA-20C627E64BFF}.Release|x86.ActiveCfg = Release|Win32
		{6151D581-5C90-415D-97EA-20C627E64BFF}.Release|x86.Build.0 = Release|Win32
	EndGlobalSection
	GlobalSection(SolutionProperties) = preSolution
		HideSolutionNode = FALSE
	EndGlobalSection
	GlobalSection(ExtensibilityGlobals) = postSolution
		SolutionGuid = {C0C4A492-A72B-47E9-BB81-0FDCC76313BF}
	EndGlobalSection
EndGlobal
